
Microsoft Visual Studio Solution File, Format Version 11.00
# Visual Studio 2010
Project("{FAE04EC0-301F-11D3-BF4B-00C04F79EFBC}") = "Assembly-CSharp", "Assembly-CSharp.csproj", "{18C4F672-2B19-58FA-9CA6-1FDC243ABB5B}"
EndProject
Project("{FAE04EC0-301F-11D3-BF4B-00C04F79EFBC}") = "Assembly-CSharp-Editor", "Assembly-CSharp-Editor.csproj", "{D34C12E2-C7AE-E783-FD6B-79AFE9A52733}"
EndProject
Global
	GlobalSection(SolutionConfigurationPlatforms) = preSolution
		Debug|Any CPU = Debug|Any CPU
		Release|Any CPU = Release|Any CPU
	EndGlobalSection
	GlobalSection(ProjectConfigurationPlatforms) = postSolution
		{18C4F672-2B19-58FA-9CA6-1FDC243ABB5B}.Debug|Any CPU.ActiveCfg = Debug|Any CPU
		{18C4F672-2B19-58FA-9CA6-1FDC243ABB5B}.Debug|Any CPU.Build.0 = Debug|Any CPU
		{18C4F672-2B19-58FA-9CA6-1FDC243ABB5B}.Release|Any CPU.ActiveCfg = Release|Any CPU
		{18C4F672-2B19-58FA-9CA6-1FDC243ABB5B}.Release|Any CPU.Build.0 = Release|Any CPU
		{D34C12E2-C7AE-E783-FD6B-79AFE9A52733}.Debug|Any CPU.ActiveCfg = Debug|Any CPU
		{D34C12E2-C7AE-E783-FD6B-79AFE9A52733}.Debug|Any CPU.Build.0 = Debug|Any CPU
		{D34C12E2-C7AE-E783-FD6B-79AFE9A52733}.Release|Any CPU.ActiveCfg = Release|Any CPU
		{D34C12E2-C7AE-E783-FD6B-79AFE9A52733}.Release|Any CPU.Build.0 = Release|Any CPU
	EndGlobalSection
	GlobalSection(SolutionProperties) = preSolution
		HideSolutionNode = FALSE
	EndGlobalSection
	GlobalSection(MonoDevelopProperties) = preSolution
		StartupItem = Assembly-CSharp.csproj
	EndGlobalSection
EndGlobal
